// !$*UTF8*$!
{
	archiveVersion = 1;
	classes = {
	};
	objectVersion = 50;
	objects = {

/* Begin PBXBuildFile section */
		5148831F225B1DEA000B58FF /* AppDelegate.swift in Sources */ = {isa = PBXBuildFile; fileRef = 5148831E225B1DEA000B58FF /* AppDelegate.swift */; };
		51488321225B1DEA000B58FF /* ViewController.swift in Sources */ = {isa = PBXBuildFile; fileRef = 51488320225B1DEA000B58FF /* ViewController.swift */; };
		51488324225B1DEA000B58FF /* Main.storyboard in Resources */ = {isa = PBXBuildFile; fileRef = 51488322225B1DEA000B58FF /* Main.storyboard */; };
		51488326225B1DED000B58FF /* Assets.xcassets in Resources */ = {isa = PBXBuildFile; fileRef = 51488325225B1DED000B58FF /* Assets.xcassets */; };
		51488329225B1DED000B58FF /* LaunchScreen.storyboard in Resources */ = {isa = PBXBuildFile; fileRef = 51488327225B1DED000B58FF /* LaunchScreen.storyboard */; };
		51488334225B1DED000B58FF /* GameTests.swift in Sources */ = {isa = PBXBuildFile; fileRef = 51488333225B1DED000B58FF /* GameTests.swift */; };
		5148833F225B1DED000B58FF /* GameUITests.swift in Sources */ = {isa = PBXBuildFile; fileRef = 5148833E225B1DED000B58FF /* GameUITests.swift */; };
/* End PBXBuildFile section */

/* Begin PBXContainerItemProxy section */
		51488330225B1DED000B58FF /* PBXContainerItemProxy */ = {
			isa = PBXContainerItemProxy;
			containerPortal = 51488313225B1DEA000B58FF /* Project object */;
			proxyType = 1;
			remoteGlobalIDString = 5148831A225B1DEA000B58FF;
			remoteInfo = Game;
		};
		5148833B225B1DED000B58FF /* PBXContainerItemProxy */ = {
			isa = PBXContainerItemProxy;
			containerPortal = 51488313225B1DEA000B58FF /* Project object */;
			proxyType = 1;
			remoteGlobalIDString = 5148831A225B1DEA000B58FF;
			remoteInfo = Game;
		};
/* End PBXContainerItemProxy section */

/* Begin PBXFileReference section */
		5148831B225B1DEA000B58FF /* Game.app */ = {isa = PBXFileReference; explicitFileType = wrapper.application; includeInIndex = 0; path = Game.app; sourceTree = BUILT_PRODUCTS_DIR; };
		5148831E225B1DEA000B58FF /* AppDelegate.swift */ = {isa = PBXFileReference; lastKnownFileType = sourcecode.swift; path = AppDelegate.swift; sourceTree = "<group>"; };
		51488320225B1DEA000B58FF /* ViewController.swift */ = {isa = PBXFileReference; lastKnownFileType = sourcecode.swift; path = ViewController.swift; sourceTree = "<group>"; };
		51488323225B1DEA000B58FF /* Base */ = {isa = PBXFileReference; lastKnownFileType = file.storyboard; name = Base; path = Base.lproj/Main.storyboard; sourceTree = "<group>"; };
		51488325225B1DED000B58FF /* Assets.xcassets */ = {isa = PBXFileReference; lastKnownFileType = folder.assetcatalog; path = Assets.xcassets; sourceTree = "<group>"; };
		51488328225B1DED000B58FF /* Base */ = {isa = PBXFileReference; lastKnownFileType = file.storyboard; name = Base; path = Base.lproj/LaunchScreen.storyboard; sourceTree = "<group>"; };
		5148832A225B1DED000B58FF /* Info.plist */ = {isa = PBXFileReference; lastKnownFileType = text.plist.xml; path = Info.plist; sourceTree = "<group>"; };
		5148832F225B1DED000B58FF /* GameTests.xctest */ = {isa = PBXFileReference; explicitFileType = wrapper.cfbundle; includeInIndex = 0; path = GameTests.xctest; sourceTree = BUILT_PRODUCTS_DIR; };
		51488333225B1DED000B58FF /* GameTests.swift */ = {isa = PBXFileReference; lastKnownFileType = sourcecode.swift; path = GameTests.swift; sourceTree = "<group>"; };
		51488335225B1DED000B58FF /* Info.plist */ = {isa = PBXFileReference; lastKnownFileType = text.plist.xml; path = Info.plist; sourceTree = "<group>"; };
		5148833A225B1DED000B58FF /* GameUITests.xctest */ = {isa = PBXFileReference; explicitFileType = wrapper.cfbundle; includeInIndex = 0; path = GameUITests.xctest; sourceTree = BUILT_PRODUCTS_DIR; };
		5148833E225B1DED000B58FF /* GameUITests.swift */ = {isa = PBXFileReference; lastKnownFileType = sourcecode.swift; path = GameUITests.swift; sourceTree = "<group>"; };
		51488340225B1DED000B58FF /* Info.plist */ = {isa = PBXFileReference; lastKnownFileType = text.plist.xml; path = Info.plist; sourceTree = "<group>"; };
/* End PBXFileReference section */

/* Begin PBXFrameworksBuildPhase section */
		51488318225B1DEA000B58FF /* Frameworks */ = {
			isa = PBXFrameworksBuildPhase;
			buildActionMask = 2147483647;
			files = (
			);
			runOnlyForDeploymentPostprocessing = 0;
		};
		5148832C225B1DED000B58FF /* Frameworks */ = {
			isa = PBXFrameworksBuildPhase;
			buildActionMask = 2147483647;
			files = (
			);
			runOnlyForDeploymentPostprocessing = 0;
		};
		51488337225B1DED000B58FF /* Frameworks */ = {
			isa = PBXFrameworksBuildPhase;
			buildActionMask = 2147483647;
			files = (
			);
			runOnlyForDeploymentPostprocessing = 0;
		};
/* End PBXFrameworksBuildPhase section */

/* Begin PBXGroup section */
		51488312225B1DEA000B58FF = {
			isa = PBXGroup;
			children = (
				5148831D225B1DEA000B58FF /* Game */,
				51488332225B1DED000B58FF /* GameTests */,
				5148833D225B1DED000B58FF /* GameUITests */,
				5148831C225B1DEA000B58FF /* Products */,
			);
			sourceTree = "<group>";
		};
		5148831C225B1DEA000B58FF /* Products */ = {
			isa = PBXGroup;
			children = (
				5148831B225B1DEA000B58FF /* Game.app */,
				5148832F225B1DED000B58FF /* GameTests.xctest */,
				5148833A225B1DED000B58FF /* GameUITests.xctest */,
			);
			name = Products;
			sourceTree = "<group>";
		};
		5148831D225B1DEA000B58FF /* Game */ = {
			isa = PBXGroup;
			children = (
				5148831E225B1DEA000B58FF /* AppDelegate.swift */,
				51488320225B1DEA000B58FF /* ViewController.swift */,
				51488322225B1DEA000B58FF /* Main.storyboard */,
				51488325225B1DED000B58FF /* Assets.xcassets */,
				51488327225B1DED000B58FF /* LaunchScreen.storyboard */,
				5148832A225B1DED000B58FF /* Info.plist */,
			);
			path = Game;
			sourceTree = "<group>";
		};
		51488332225B1DED000B58FF /* GameTests */ = {
			isa = PBXGroup;
			children = (
				51488333225B1DED000B58FF /* GameTests.swift */,
				51488335225B1DED000B58FF /* Info.plist */,
			);
			path = GameTests;
			sourceTree = "<group>";
		};
		5148833D225B1DED000B58FF /* GameUITests */ = {
			isa = PBXGroup;
			children = (
				5148833E225B1DED000B58FF /* GameUITests.swift */,
				51488340225B1DED000B58FF /* Info.plist */,
			);
			path = GameUITests;
			sourceTree = "<group>";
		};
/* End PBXGroup section */

/* Begin PBXNativeTarget section */
		5148831A225B1DEA000B58FF /* Game */ = {
			isa = PBXNativeTarget;
			buildConfigurationList = 51488343225B1DED000B58FF /* Build configuration list for PBXNativeTarget "Game" */;
			buildPhases = (
				51488317225B1DEA000B58FF /* Sources */,
				51488318225B1DEA000B58FF /* Frameworks */,
				51488319225B1DEA000B58FF /* Resources */,
			);
			buildRules = (
			);
			dependencies = (
			);
			name = Game;
			productName = Game;
			productReference = 5148831B225B1DEA000B58FF /* Game.app */;
			productType = "com.apple.product-type.application";
		};
		5148832E225B1DED000B58FF /* GameTests */ = {
			isa = PBXNativeTarget;
			buildConfigurationList = 51488346225B1DED000B58FF /* Build configuration list for PBXNativeTarget "GameTests" */;
			buildPhases = (
				5148832B225B1DED000B58FF /* Sources */,
				5148832C225B1DED000B58FF /* Frameworks */,
				5148832D225B1DED000B58FF /* Resources */,
			);
			buildRules = (
			);
			dependencies = (
				51488331225B1DED000B58FF /* PBXTargetDependency */,
			);
			name = GameTests;
			productName = GameTests;
			productReference = 5148832F225B1DED000B58FF /* GameTests.xctest */;
			productType = "com.apple.product-type.bundle.unit-test";
		};
		51488339225B1DED000B58FF /* GameUITests */ = {
			isa = PBXNativeTarget;
			buildConfigurationList = 51488349225B1DED000B58FF /* Build configuration list for PBXNativeTarget "GameUITests" */;
			buildPhases = (
				51488336225B1DED000B58FF /* Sources */,
				51488337225B1DED000B58FF /* Frameworks */,
				51488338225B1DED000B58FF /* Resources */,
			);
			buildRules = (
			);
			dependencies = (
				5148833C225B1DED000B58FF /* PBXTargetDependency */,
			);
			name = GameUITests;
			productName = GameUITests;
			productReference = 5148833A225B1DED000B58FF /* GameUITests.xctest */;
			productType = "com.apple.product-type.bundle.ui-testing";
		};
/* End PBXNativeTarget section */

/* Begin PBXProject section */
		51488313225B1DEA000B58FF /* Project object */ = {
			isa = PBXProject;
			attributes = {
				LastSwiftUpdateCheck = 1020;
				LastUpgradeCheck = 1020;
				ORGANIZATIONNAME = Velodash;
				TargetAttributes = {
					5148831A225B1DEA000B58FF = {
						CreatedOnToolsVersion = 10.2;
					};
					5148832E225B1DED000B58FF = {
						CreatedOnToolsVersion = 10.2;
						TestTargetID = 5148831A225B1DEA000B58FF;
					};
					51488339225B1DED000B58FF = {
						CreatedOnToolsVersion = 10.2;
						TestTargetID = 5148831A225B1DEA000B58FF;
					};
				};
			};
			buildConfigurationList = 51488316225B1DEA000B58FF /* Build configuration list for PBXProject "Game" */;
			compatibilityVersion = "Xcode 9.3";
			developmentRegion = en;
			hasScannedForEncodings = 0;
			knownRegions = (
				en,
				Base,
			);
			mainGroup = 51488312225B1DEA000B58FF;
			productRefGroup = 5148831C225B1DEA000B58FF /* Products */;
			projectDirPath = "";
			projectRoot = "";
			targets = (
				5148831A225B1DEA000B58FF /* Game */,
				5148832E225B1DED000B58FF /* GameTests */,
				51488339225B1DED000B58FF /* GameUITests */,
			);
		};
/* End PBXProject section */

/* Begin PBXResourcesBuildPhase section */
		51488319225B1DEA000B58FF /* Resources */ = {
			isa = PBXResourcesBuildPhase;
			buildActionMask = 2147483647;
			files = (
				51488329225B1DED000B58FF /* LaunchScreen.storyboard in Resources */,
				51488326225B1DED000B58FF /* Assets.xcassets in Resources */,
				51488324225B1DEA000B58FF /* Main.storyboard in Resources */,
			);
			runOnlyForDeploymentPostprocessing = 0;
		};
		5148832D225B1DED000B58FF /* Resources */ = {
			isa = PBXResourcesBuildPhase;
			buildActionMask = 2147483647;
			files = (
			);
			runOnlyForDeploymentPostprocessing = 0;
		};
		51488338225B1DED000B58FF /* Resources */ = {
			isa = PBXResourcesBuildPhase;
			buildActionMask = 2147483647;
			files = (
			);
			runOnlyForDeploymentPostprocessing = 0;
		};
/* End PBXResourcesBuildPhase section */

/* Begin PBXSourcesBuildPhase section */
		51488317225B1DEA000B58FF /* Sources */ = {
			isa = PBXSourcesBuildPhase;
			buildActionMask = 2147483647;
			files = (
				51488321225B1DEA000B58FF /* ViewController.swift in Sources */,
				5148831F225B1DEA000B58FF /* AppDelegate.swift in Sources */,
			);
			runOnlyForDeploymentPostprocessing = 0;
		};
		5148832B225B1DED000B58FF /* Sources */ = {
			isa = PBXSourcesBuildPhase;
			buildActionMask = 2147483647;
			files = (
				51488334225B1DED000B58FF /* GameTests.swift in Sources */,
			);
			runOnlyForDeploymentPostprocessing = 0;
		};
		51488336225B1DED000B58FF /* Sources */ = {
			isa = PBXSourcesBuildPhase;
			buildActionMask = 2147483647;
			files = (
				5148833F225B1DED000B58FF /* GameUITests.swift in Sources */,
			);
			runOnlyForDeploymentPostprocessing = 0;
		};
/* End PBXSourcesBuildPhase section */

/* Begin PBXTargetDependency section */
		51488331225B1DED000B58FF /* PBXTargetDependency */ = {
			isa = PBXTargetDependency;
			target = 5148831A225B1DEA000B58FF /* Game */;
			targetProxy = 51488330225B1DED000B58FF /* PBXContainerItemProxy */;
		};
		5148833C225B1DED000B58FF /* PBXTargetDependency */ = {
			isa = PBXTargetDependency;
			target = 5148831A225B1DEA000B58FF /* Game */;
			targetProxy = 5148833B225B1DED000B58FF /* PBXContainerItemProxy */;
		};
/* End PBXTargetDependency section */

/* Begin PBXVariantGroup section */
		51488322225B1DEA000B58FF /* Main.storyboard */ = {
			isa = PBXVariantGroup;
			children = (
				51488323225B1DEA000B58FF /* Base */,
			);
			name = Main.storyboard;
			sourceTree = "<group>";
		};
		51488327225B1DED000B58FF /* LaunchScreen.storyboard */ = {
			isa = PBXVariantGroup;
			children = (
				51488328225B1DED000B58FF /* Base */,
			);
			name = LaunchScreen.storyboard;
			sourceTree = "<group>";
		};
/* End PBXVariantGroup section */

/* Begin XCBuildConfiguration section */
		51488341225B1DED000B58FF /* Debug */ = {
			isa = XCBuildConfiguration;
			buildSettings = {
				ALWAYS_SEARCH_USER_PATHS = NO;
				CLANG_ANALYZER_NONNULL = YES;
				CLANG_ANALYZER_NUMBER_OBJECT_CONVERSION = YES_AGGRESSIVE;
				CLANG_CXX_LANGUAGE_STANDARD = "gnu++14";
				CLANG_CXX_LIBRARY = "libc++";
				CLANG_ENABLE_MODULES = YES;
				CLANG_ENABLE_OBJC_ARC = YES;
				CLANG_ENABLE_OBJC_WEAK = YES;
				CLANG_WARN_BLOCK_CAPTURE_AUTORELEASING = YES;
				CLANG_WARN_BOOL_CONVERSION = YES;
				CLANG_WARN_COMMA = YES;
				CLANG_WARN_CONSTANT_CONVERSION = YES;
				CLANG_WARN_DEPRECATED_OBJC_IMPLEMENTATIONS = YES;
				CLANG_WARN_DIRECT_OBJC_ISA_USAGE = YES_ERROR;
				CLANG_WARN_DOCUMENTATION_COMMENTS = YES;
				CLANG_WARN_EMPTY_BODY = YES;
				CLANG_WARN_ENUM_CONVERSION = YES;
				CLANG_WARN_INFINITE_RECURSION = YES;
				CLANG_WARN_INT_CONVERSION = YES;
				CLANG_WARN_NON_LITERAL_NULL_CONVERSION = YES;
				CLANG_WARN_OBJC_IMPLICIT_RETAIN_SELF = YES;
				CLANG_WARN_OBJC_LITERAL_CONVERSION = YES;
				CLANG_WARN_OBJC_ROOT_CLASS = YES_ERROR;
				CLANG_WARN_RANGE_LOOP_ANALYSIS = YES;
				CLANG_WARN_STRICT_PROTOTYPES = YES;
				CLANG_WARN_SUSPICIOUS_MOVE = YES;
				CLANG_WARN_UNGUARDED_AVAILABILITY = YES_AGGRESSIVE;
				CLANG_WARN_UNREACHABLE_CODE = YES;
				CLANG_WARN__DUPLICATE_METHOD_MATCH = YES;
				CODE_SIGN_IDENTITY = "iPhone Developer";
				COPY_PHASE_STRIP = NO;
				DEBUG_INFORMATION_FORMAT = dwarf;
				ENABLE_STRICT_OBJC_MSGSEND = YES;
				ENABLE_TESTABILITY = YES;
				GCC_C_LANGUAGE_STANDARD = gnu11;
				GCC_DYNAMIC_NO_PIC = NO;
				GCC_NO_COMMON_BLOCKS = YES;
				GCC_OPTIMIZATION_LEVEL = 0;
				GCC_PREPROCESSOR_DEFINITIONS = (
					"DEBUG=1",
					"$(inherited)",
				);
				GCC_WARN_64_TO_32_BIT_CONVERSION = YES;
				GCC_WARN_ABOUT_RETURN_TYPE = YES_ERROR;
				GCC_WARN_UNDECLARED_SELECTOR = YES;
				GCC_WARN_UNINITIALIZED_AUTOS = YES_AGGRESSIVE;
				GCC_WARN_UNUSED_FUNCTION = YES;
				GCC_WARN_UNUSED_VARIABLE = YES;
				IPHONEOS_DEPLOYMENT_TARGET = 12.2;
				MTL_ENABLE_DEBUG_INFO = INCLUDE_SOURCE;
				MTL_FAST_MATH = YES;
				ONLY_ACTIVE_ARCH = YES;
				SDKROOT = iphoneos;
				SWIFT_ACTIVE_COMPILATION_CONDITIONS = DEBUG;
				SWIFT_OPTIMIZATION_LEVEL = "-Onone";
			};
			name = Debug;
		};
		51488342225B1DED000B58FF /* Release */ = {
			isa = XCBuildConfiguration;
			buildSettings = {
				ALWAYS_SEARCH_USER_PATHS = NO;
				CLANG_ANALYZER_NONNULL = YES;
				CLANG_ANALYZER_NUMBER_OBJECT_CONVERSION = YES_AGGRESSIVE;
				CLANG_CXX_LANGUAGE_STANDARD = "gnu++14";
				CLANG_CXX_LIBRARY = "libc++";
				CLANG_ENABLE_MODULES = YES;
				CLANG_ENABLE_OBJC_ARC = YES;
				CLANG_ENABLE_OBJC_WEAK = YES;
				CLANG_WARN_BLOCK_CAPTURE_AUTORELEASING = YES;
				CLANG_WARN_BOOL_CONVERSION = YES;
				CLANG_WARN_COMMA = YES;
				CLANG_WARN_CONSTANT_CONVERSION = YES;
				CLANG_WARN_DEPRECATED_OBJC_IMPLEMENTATIONS = YES;
				CLANG_WARN_DIRECT_OBJC_ISA_USAGE = YES_ERROR;
				CLANG_WARN_DOCUMENTATION_COMMENTS = YES;
				CLANG_WARN_EMPTY_BODY = YES;
				CLANG_WARN_ENUM_CONVERSION = YES;
				CLANG_WARN_INFINITE_RECURSION = YES;
				CLANG_WARN_INT_CONVERSION = YES;
				CLANG_WARN_NON_LITERAL_NULL_CONVERSION = YES;
				CLANG_WARN_OBJC_IMPLICIT_RETAIN_SELF = YES;
				CLANG_WARN_OBJC_LITERAL_CONVERSION = YES;
				CLANG_WARN_OBJC_ROOT_CLASS = YES_ERROR;
				CLANG_WARN_RANGE_LOOP_ANALYSIS = YES;
				CLANG_WARN_STRICT_PROTOTYPES = YES;
				CLANG_WARN_SUSPICIOUS_MOVE = YES;
				CLANG_WARN_UNGUARDED_AVAILABILITY = YES_AGGRESSIVE;
				CLANG_WARN_UNREACHABLE_CODE = YES;
				CLANG_WARN__DUPLICATE_METHOD_MATCH = YES;
				CODE_SIGN_IDENTITY = "iPhone Developer";
				COPY_PHASE_STRIP = NO;
				DEBUG_INFORMATION_FORMAT = "dwarf-with-dsym";
				ENABLE_NS_ASSERTIONS = NO;
				ENABLE_STRICT_OBJC_MSGSEND = YES;
				GCC_C_LANGUAGE_STANDARD = gnu11;
				GCC_NO_COMMON_BLOCKS = YES;
				GCC_WARN_64_TO_32_BIT_CONVERSION = YES;
				GCC_WARN_ABOUT_RETURN_TYPE = YES_ERROR;
				GCC_WARN_UNDECLARED_SELECTOR = YES;
				GCC_WARN_UNINITIALIZED_AUTOS = YES_AGGRESSIVE;
				GCC_WARN_UNUSED_FUNCTION = YES;
				GCC_WARN_UNUSED_VARIABLE = YES;
				IPHONEOS_DEPLOYMENT_TARGET = 12.2;
				MTL_ENABLE_DEBUG_INFO = NO;
				MTL_FAST_MATH = YES;
				SDKROOT = iphoneos;
				SWIFT_COMPILATION_MODE = wholemodule;
				SWIFT_OPTIMIZATION_LEVEL = "-O";
				VALIDATE_PRODUCT = YES;
			};
			name = Release;
		};
		51488344225B1DED000B58FF /* Debug */ = {
			isa = XCBuildConfiguration;
			buildSettings = {
				ASSETCATALOG_COMPILER_APPICON_NAME = AppIcon;
				CODE_SIGN_STYLE = Automatic;
				DEVELOPMENT_TEAM = C6M784WZF2;
				INFOPLIST_FILE = Game/Info.plist;
				LD_RUNPATH_SEARCH_PATHS = (
					"$(inherited)",
					"@executable_path/Frameworks",
				);
				PRODUCT_BUNDLE_IDENTIFIER = Interview.Game;
				PRODUCT_NAME = "$(TARGET_NAME)";
				SWIFT_VERSION = 5.0;
				TARGETED_DEVICE_FAMILY = "1,2";
			};
			name = Debug;
		};
		51488345225B1DED000B58FF /* Release */ = {
			isa = XCBuildConfiguration;
			buildSettings = {
				ASSETCATALOG_COMPILER_APPICON_NAME = AppIcon;
				CODE_SIGN_STYLE = Automatic;
				DEVELOPMENT_TEAM = C6M784WZF2;
				INFOPLIST_FILE = Game/Info.plist;
				LD_RUNPATH_SEARCH_PATHS = (
					"$(inherited)",
					"@executable_path/Frameworks",
				);
				PRODUCT_BUNDLE_IDENTIFIER = Interview.Game;
				PRODUCT_NAME = "$(TARGET_NAME)";
				SWIFT_VERSION = 5.0;
				TARGETED_DEVICE_FAMILY = "1,2";
			};
			name = Release;
		};
		51488347225B1DED000B58FF /* Debug */ = {
			isa = XCBuildConfiguration;
			buildSettings = {
				ALWAYS_EMBED_SWIFT_STANDARD_LIBRARIES = YES;
				BUNDLE_LOADER = "$(TEST_HOST)";
				CODE_SIGN_STYLE = Automatic;
				DEVELOPMENT_TEAM = C6M784WZF2;
				INFOPLIST_FILE = GameTests/Info.plist;
				LD_RUNPATH_SEARCH_PATHS = (
					"$(inherited)",
					"@executable_path/Frameworks",
					"@loader_path/Frameworks",
				);
				PRODUCT_BUNDLE_IDENTIFIER = Interview.GameTests;
				PRODUCT_NAME = "$(TARGET_NAME)";
				SWIFT_VERSION = 5.0;
				TARGETED_DEVICE_FAMILY = "1,2";
				TEST_HOST = "$(BUILT_PRODUCTS_DIR)/Game.app/Game";
			};
			name = Debug;
		};
		51488348225B1DED000B58FF /* Release */ = {
			isa = XCBuildConfiguration;
			buildSettings = {
				ALWAYS_EMBED_SWIFT_STANDARD_LIBRARIES = YES;
				BUNDLE_LOADER = "$(TEST_HOST)";
				CODE_SIGN_STYLE = Automatic;
				DEVELOPMENT_TEAM = C6M784WZF2;
				INFOPLIST_FILE = GameTests/Info.plist;
				LD_RUNPATH_SEARCH_PATHS = (
					"$(inherited)",
					"@executable_path/Frameworks",
					"@loader_path/Frameworks",
				);
				PRODUCT_BUNDLE_IDENTIFIER = Interview.GameTests;
				PRODUCT_NAME = "$(TARGET_NAME)";
				SWIFT_VERSION = 5.0;
				TARGETED_DEVICE_FAMILY = "1,2";
				TEST_HOST = "$(BUILT_PRODUCTS_DIR)/Game.app/Game";
			};
			name = Release;
		};
		5148834A225B1DED000B58FF /* Debug */ = {
			isa = XCBuildConfiguration;
			buildSettings = {
				ALWAYS_EMBED_SWIFT_STANDARD_LIBRARIES = YES;
				CODE_SIGN_STYLE = Automatic;
				DEVELOPMENT_TEAM = C6M784WZF2;
				INFOPLIST_FILE = GameUITests/Info.plist;
				LD_RUNPATH_SEARCH_PATHS = (
					"$(inherited)",
					"@executable_path/Frameworks",
					"@loader_path/Frameworks",
				);
				PRODUCT_BUNDLE_IDENTIFIER = Interview.GameUITests;
				PRODUCT_NAME = "$(TARGET_NAME)";
				SWIFT_VERSION = 5.0;
				TARGETED_DEVICE_FAMILY = "1,2";
				TEST_TARGET_NAME = Game;
			};
			name = Debug;
		};
		5148834B225B1DED000B58FF /* Release */ = {
			isa = XCBuildConfiguration;
			buildSettings = {
				ALWAYS_EMBED_SWIFT_STANDARD_LIBRARIES = YES;
				CODE_SIGN_STYLE = Automatic;
				DEVELOPMENT_TEAM = C6M784WZF2;
				INFOPLIST_FILE = GameUITests/Info.plist;
				LD_RUNPATH_SEARCH_PATHS = (
					"$(inherited)",
					"@executable_path/Frameworks",
					"@loader_path/Frameworks",
				);
				PRODUCT_BUNDLE_IDENTIFIER = Interview.GameUITests;
				PRODUCT_NAME = "$(TARGET_NAME)";
				SWIFT_VERSION = 5.0;
				TARGETED_DEVICE_FAMILY = "1,2";
				TEST_TARGET_NAME = Game;
			};
			name = Release;
		};
/* End XCBuildConfiguration section */

/* Begin XCConfigurationList section */
		51488316225B1DEA000B58FF /* Build configuration list for PBXProject "Game" */ = {
			isa = XCConfigurationList;
			buildConfigurations = (
				51488341225B1DED000B58FF /* Debug */,
				51488342225B1DED000B58FF /* Release */,
			);
			defaultConfigurationIsVisible = 0;
			defaultConfigurationName = Release;
		};
		51488343225B1DED000B58FF /* Build configuration list for PBXNativeTarget "Game" */ = {
			isa = XCConfigurationList;
			buildConfigurations = (
				51488344225B1DED000B58FF /* Debug */,
				51488345225B1DED000B58FF /* Release */,
			);
			defaultConfigurationIsVisible = 0;
			defaultConfigurationName = Release;
		};
		51488346225B1DED000B58FF /* Build configuration list for PBXNativeTarget "GameTests" */ = {
			isa = XCConfigurationList;
			buildConfigurations = (
				51488347225B1DED000B58FF /* Debug */,
				51488348225B1DED000B58FF /* Release */,
			);
			defaultConfigurationIsVisible = 0;
			defaultConfigurationName = Release;
		};
		51488349225B1DED000B58FF /* Build configuration list for PBXNativeTarget "GameUITests" */ = {
			isa = XCConfigurationList;
			buildConfigurations = (
				5148834A225B1DED000B58FF /* Debug */,
				5148834B225B1DED000B58FF /* Release */,
			);
			defaultConfigurationIsVisible = 0;
			defaultConfigurationName = Release;
		};
/* End XCConfigurationList section */
	};
	rootObject = 51488313225B1DEA000B58FF /* Project object */;
}
